
Microsoft Visual Studio Solution File, Format Version 12.00
# Visual Studio Version 16
VisualStudioVersion = 16.0.30621.155
MinimumVisualStudioVersion = 10.0.40219.1
Project("{FAE04EC0-301F-11D3-BF4B-00C04F79EFBC}") = "TasOyunu", "TasOyunu\TasOyunu.csproj", "{8449D0FA-DBF9-448B-B151-7D6B43E82057}"
EndProject
Global
	GlobalSection(SolutionConfigurationPlatforms) = preSolution
		Debug|Any CPU = Debug|Any CPU
		Release|Any CPU = Release|Any CPU
	EndGlobalSection
	GlobalSection(ProjectConfigurationPlatforms) = postSolution
		{8449D0FA-DBF9-448B-B151-7D6B43E82057}.Debug|Any CPU.ActiveCfg = Debug|Any CPU
		{8449D0FA-DBF9-448B-B151-7D6B43E82057}.Debug|Any CPU.Build.0 = Debug|Any CPU
		{8449D0FA-DBF9-448B-B151-7D6B43E82057}.Release|Any CPU.ActiveCfg = Release|Any CPU
		{8449D0FA-DBF9-448B-B151-7D6B43E82057}.Release|Any CPU.Build.0 = Release|Any CPU
	EndGlobalSection
	GlobalSection(SolutionProperties) = preSolution
		HideSolutionNode = FALSE
	EndGlobalSection
	GlobalSection(ExtensibilityGlobals) = postSolution
		SolutionGuid = {C0229536-F670-4DBD-BDD4-12505FD993ED}
	EndGlobalSection
EndGlobal
